
Microsoft Visual Studio Solution File, Format Version 12.00
# Visual Studio Version 17
VisualStudioVersion = 17.7.34221.43
MinimumVisualStudioVersion = 10.0.40219.1
Project("{FAE04EC0-301F-11D3-BF4B-00C04F79EFBC}") = "EmsBMSReports", "EmsBMSReports\EmsBMSReports.csproj", "{F04299AB-F6AF-0761-183C-DF43A8CAA8E7}"
EndProject
Project("{F184B08F-C81C-45F6-A57F-5ABD9991F28F}") = "MactusReportLib", "MactusReportLib\MactusReportLib.vbproj", "{7454C0E7-193A-46C3-9FD8-EFA61A1C2C01}"
EndProject
Project("{F184B08F-C81C-45F6-A57F-5ABD9991F28F}") = "MactusReportWeb", "MactusReportWeb\MactusReportWeb.vbproj", "{093B3F56-9F5B-41E9-ACB6-D92E9164232A}"
EndProject
Project("{F184B08F-C81C-45F6-A57F-5ABD9991F28F}") = "ExceptionReport", "ExceptionReport\ExceptionReport.vbproj", "{3F7180C8-35D2-41C9-AED6-CAC50729A1A2}"
EndProject
Project("{F184B08F-C81C-45F6-A57F-5ABD9991F28F}") = "EmsBMSReportService", "EmsBMSReportService\EmsBMSReportService.vbproj", "{C745C7B6-C4C4-40F4-A6F0-983B73FB83F7}"
EndProject
Project("{F184B08F-C81C-45F6-A57F-5ABD9991F28F}") = "EMSBMSReportService2", "EMSBMSReportService2\EMSBMSReportService2.vbproj", "{3D0F767B-6420-4C40-A15A-9B1C7BA20BDD}"
EndProject
Project("{F184B08F-C81C-45F6-A57F-5ABD9991F28F}") = "PingErrorApp", "PingErrorApp\PingErrorApp.vbproj", "{58D378CF-2812-4E7F-9F2E-34164B153FAB}"
EndProject
Project("{F184B08F-C81C-45F6-A57F-5ABD9991F28F}") = "EMSBMSReportServiceTest", "EMSBMSReportServiceTest\EMSBMSReportServiceTest.vbproj", "{88CC2F6D-CA38-448E-9FEC-2348C0C42751}"
EndProject
Project("{F184B08F-C81C-45F6-A57F-5ABD9991F28F}") = "MactusReportService(CDU)", "MactusReportService(CDU)\MactusReportService(CDU).vbproj", "{2727003E-AADF-4518-A63B-A4489E9C713F}"
EndProject
Project("{FAE04EC0-301F-11D3-BF4B-00C04F79EFBC}") = "ReportsConfig", "ReportsConfig\ReportsConfig.csproj", "{D68F2298-400A-4593-8E7E-363A84F2E042}"
EndProject
Global
	GlobalSection(SolutionConfigurationPlatforms) = preSolution
		Debug|Any CPU = Debug|Any CPU
		Release|Any CPU = Release|Any CPU
	EndGlobalSection
	GlobalSection(ProjectConfigurationPlatforms) = postSolution
		{F04299AB-F6AF-0761-183C-DF43A8CAA8E7}.Debug|Any CPU.ActiveCfg = Debug|Any CPU
		{F04299AB-F6AF-0761-183C-DF43A8CAA8E7}.Debug|Any CPU.Build.0 = Debug|Any CPU
		{F04299AB-F6AF-0761-183C-DF43A8CAA8E7}.Release|Any CPU.ActiveCfg = Release|Any CPU
		{F04299AB-F6AF-0761-183C-DF43A8CAA8E7}.Release|Any CPU.Build.0 = Release|Any CPU
		{7454C0E7-193A-46C3-9FD8-EFA61A1C2C01}.Debug|Any CPU.ActiveCfg = Debug|Any CPU
		{7454C0E7-193A-46C3-9FD8-EFA61A1C2C01}.Debug|Any CPU.Build.0 = Debug|Any CPU
		{7454C0E7-193A-46C3-9FD8-EFA61A1C2C01}.Release|Any CPU.ActiveCfg = Release|Any CPU
		{7454C0E7-193A-46C3-9FD8-EFA61A1C2C01}.Release|Any CPU.Build.0 = Release|Any CPU
		{093B3F56-9F5B-41E9-ACB6-D92E9164232A}.Debug|Any CPU.ActiveCfg = Debug|Any CPU
		{093B3F56-9F5B-41E9-ACB6-D92E9164232A}.Debug|Any CPU.Build.0 = Debug|Any CPU
		{093B3F56-9F5B-41E9-ACB6-D92E9164232A}.Release|Any CPU.ActiveCfg = Release|Any CPU
		{093B3F56-9F5B-41E9-ACB6-D92E9164232A}.Release|Any CPU.Build.0 = Release|Any CPU
		{3F7180C8-35D2-41C9-AED6-CAC50729A1A2}.Debug|Any CPU.ActiveCfg = Debug|Any CPU
		{3F7180C8-35D2-41C9-AED6-CAC50729A1A2}.Debug|Any CPU.Build.0 = Debug|Any CPU
		{3F7180C8-35D2-41C9-AED6-CAC50729A1A2}.Release|Any CPU.ActiveCfg = Release|Any CPU
		{3F7180C8-35D2-41C9-AED6-CAC50729A1A2}.Release|Any CPU.Build.0 = Release|Any CPU
		{C745C7B6-C4C4-40F4-A6F0-983B73FB83F7}.Debug|Any CPU.ActiveCfg = Debug|Any CPU
		{C745C7B6-C4C4-40F4-A6F0-983B73FB83F7}.Debug|Any CPU.Build.0 = Debug|Any CPU
		{C745C7B6-C4C4-40F4-A6F0-983B73FB83F7}.Release|Any CPU.ActiveCfg = Release|Any CPU
		{C745C7B6-C4C4-40F4-A6F0-983B73FB83F7}.Release|Any CPU.Build.0 = Release|Any CPU
		{3D0F767B-6420-4C40-A15A-9B1C7BA20BDD}.Debug|Any CPU.ActiveCfg = Debug|Any CPU
		{3D0F767B-6420-4C40-A15A-9B1C7BA20BDD}.Debug|Any CPU.Build.0 = Debug|Any CPU
		{3D0F767B-6420-4C40-A15A-9B1C7BA20BDD}.Release|Any CPU.ActiveCfg = Release|Any CPU
		{3D0F767B-6420-4C40-A15A-9B1C7BA20BDD}.Release|Any CPU.Build.0 = Release|Any CPU
		{58D378CF-2812-4E7F-9F2E-34164B153FAB}.Debug|Any CPU.ActiveCfg = Debug|Any CPU
		{58D378CF-2812-4E7F-9F2E-34164B153FAB}.Debug|Any CPU.Build.0 = Debug|Any CPU
		{58D378CF-2812-4E7F-9F2E-34164B153FAB}.Release|Any CPU.ActiveCfg = Release|Any CPU
		{58D378CF-2812-4E7F-9F2E-34164B153FAB}.Release|Any CPU.Build.0 = Release|Any CPU
		{88CC2F6D-CA38-448E-9FEC-2348C0C42751}.Debug|Any CPU.ActiveCfg = Debug|Any CPU
		{88CC2F6D-CA38-448E-9FEC-2348C0C42751}.Debug|Any CPU.Build.0 = Debug|Any CPU
		{88CC2F6D-CA38-448E-9FEC-2348C0C42751}.Release|Any CPU.ActiveCfg = Release|Any CPU
		{88CC2F6D-CA38-448E-9FEC-2348C0C42751}.Release|Any CPU.Build.0 = Release|Any CPU
		{2727003E-AADF-4518-A63B-A4489E9C713F}.Debug|Any CPU.ActiveCfg = Debug|Any CPU
		{2727003E-AADF-4518-A63B-A4489E9C713F}.Debug|Any CPU.Build.0 = Debug|Any CPU
		{2727003E-AADF-4518-A63B-A4489E9C713F}.Release|Any CPU.ActiveCfg = Release|Any CPU
		{2727003E-AADF-4518-A63B-A4489E9C713F}.Release|Any CPU.Build.0 = Release|Any CPU
		{D68F2298-400A-4593-8E7E-363A84F2E042}.Debug|Any CPU.ActiveCfg = Debug|Any CPU
		{D68F2298-400A-4593-8E7E-363A84F2E042}.Debug|Any CPU.Build.0 = Debug|Any CPU
		{D68F2298-400A-4593-8E7E-363A84F2E042}.Release|Any CPU.ActiveCfg = Release|Any CPU
		{D68F2298-400A-4593-8E7E-363A84F2E042}.Release|Any CPU.Build.0 = Release|Any CPU
	EndGlobalSection
	GlobalSection(SolutionProperties) = preSolution
		HideSolutionNode = FALSE
	EndGlobalSection
	GlobalSection(ExtensibilityGlobals) = postSolution
		SolutionGuid = {DFCD1A89-4537-4583-BBD6-F35EAC28CB11}
	EndGlobalSection
EndGlobal
